
Microsoft Visual Studio Solution File, Format Version 12.00
# Visual Studio Version 17
VisualStudioVersion = 17.3.32819.101
MinimumVisualStudioVersion = 10.0.40219.1
Project("{FAE04EC0-301F-11D3-BF4B-00C04F79EFBC}") = "ejercicioSem3", "ejercicioSem3\ejercicioSem3.csproj", "{51D8D822-1E2E-4AE7-9E8F-12AE1B058CD4}"
EndProject
Global
	GlobalSection(SolutionConfigurationPlatforms) = preSolution
		Debug|Any CPU = Debug|Any CPU
		Release|Any CPU = Release|Any CPU
	EndGlobalSection
	GlobalSection(ProjectConfigurationPlatforms) = postSolution
		{51D8D822-1E2E-4AE7-9E8F-12AE1B058CD4}.Debug|Any CPU.ActiveCfg = Debug|Any CPU
		{51D8D822-1E2E-4AE7-9E8F-12AE1B058CD4}.Debug|Any CPU.Build.0 = Debug|Any CPU
		{51D8D822-1E2E-4AE7-9E8F-12AE1B058CD4}.Release|Any CPU.ActiveCfg = Release|Any CPU
		{51D8D822-1E2E-4AE7-9E8F-12AE1B058CD4}.Release|Any CPU.Build.0 = Release|Any CPU
	EndGlobalSection
	GlobalSection(SolutionProperties) = preSolution
		HideSolutionNode = FALSE
	EndGlobalSection
	GlobalSection(ExtensibilityGlobals) = postSolution
		SolutionGuid = {75F1E2C2-FAA2-4027-8208-6EA7513DDF4A}
	EndGlobalSection
EndGlobal
